
Microsoft Visual Studio Solution File, Format Version 12.00
# Visual Studio Version 17
VisualStudioVersion = 17.4.33213.308
MinimumVisualStudioVersion = 10.0.40219.1
Project("{FAE04EC0-301F-11D3-BF4B-00C04F79EFBC}") = "1", "1\1.csproj", "{92A771D1-0926-45AD-83DC-4EFF422F0602}"
EndProject
Global
	GlobalSection(SolutionConfigurationPlatforms) = preSolution
		Debug|Any CPU = Debug|Any CPU
		Release|Any CPU = Release|Any CPU
	EndGlobalSection
	GlobalSection(ProjectConfigurationPlatforms) = postSolution
		{92A771D1-0926-45AD-83DC-4EFF422F0602}.Debug|Any CPU.ActiveCfg = Debug|Any CPU
		{92A771D1-0926-45AD-83DC-4EFF422F0602}.Debug|Any CPU.Build.0 = Debug|Any CPU
		{92A771D1-0926-45AD-83DC-4EFF422F0602}.Release|Any CPU.ActiveCfg = Release|Any CPU
		{92A771D1-0926-45AD-83DC-4EFF422F0602}.Release|Any CPU.Build.0 = Release|Any CPU
	EndGlobalSection
	GlobalSection(SolutionProperties) = preSolution
		HideSolutionNode = FALSE
	EndGlobalSection
	GlobalSection(ExtensibilityGlobals) = postSolution
		SolutionGuid = {3A943874-773A-46D0-A1BF-6282B2B4F9CD}
	EndGlobalSection
EndGlobal
